{
  "name": "learn-to-code-games",
  "lockfileVersion": 2,
  "requires": true,
  "packages": {
    "": {
      "dependencies": {
        "just-range": "^4.1.1"
      }
    },
    "node_modules/just-range": {
      "version": "4.1.1",
      "resolved": "https://registry.npmjs.org/just-range/-/just-range-4.1.1.tgz",
      "integrity": "sha512-m8q77bxvcTuy/5YeVBgyY9K8+TZc/YRbYtH0ryAOu4F+YCIeS+Bi2vg9ibBw6Q/RZMrJKrTsKi3Ge3pZR9VuGQ=="
    }
  },
  "dependencies": {
    "just-range": {
      "version": "4.1.1",
      "resolved": "https://registry.npmjs.org/just-range/-/just-range-4.1.1.tgz",
      "integrity": "sha512-m8q77bxvcTuy/5YeVBgyY9K8+TZc/YRbYtH0ryAOu4F+YCIeS+Bi2vg9ibBw6Q/RZMrJKrTsKi3Ge3pZR9VuGQ=="
    }
  }
}
